
Microsoft Visual Studio Solution File, Format Version 12.00
# Visual Studio Version 17
VisualStudioVersion = 17.6.33815.320
MinimumVisualStudioVersion = 10.0.40219.1
Project("{FAE04EC0-301F-11D3-BF4B-00C04F79EFBC}") = "MixTelematicsAssessment", "MixTelematicsAssessment.csproj", "{623ED78A-943E-4A04-8414-B29DED0CE261}"
EndProject
Global
	GlobalSection(SolutionConfigurationPlatforms) = preSolution
		Debug|Any CPU = Debug|Any CPU
		Release|Any CPU = Release|Any CPU
	EndGlobalSection
	GlobalSection(ProjectConfigurationPlatforms) = postSolution
		{623ED78A-943E-4A04-8414-B29DED0CE261}.Debug|Any CPU.ActiveCfg = Debug|Any CPU
		{623ED78A-943E-4A04-8414-B29DED0CE261}.Debug|Any CPU.Build.0 = Debug|Any CPU
		{623ED78A-943E-4A04-8414-B29DED0CE261}.Release|Any CPU.ActiveCfg = Release|Any CPU
		{623ED78A-943E-4A04-8414-B29DED0CE261}.Release|Any CPU.Build.0 = Release|Any CPU
	EndGlobalSection
	GlobalSection(SolutionProperties) = preSolution
		HideSolutionNode = FALSE
	EndGlobalSection
	GlobalSection(ExtensibilityGlobals) = postSolution
		SolutionGuid = {ABD5E6AC-47EE-494E-BC21-04B4CFF935D4}
	EndGlobalSection
EndGlobal
